
Microsoft Visual Studio Solution File, Format Version 12.00
# Visual Studio Version 16
VisualStudioVersion = 16.0.29230.47
MinimumVisualStudioVersion = 10.0.40219.1
Project("{FAE04EC0-301F-11D3-BF4B-00C04F79EFBC}") = "[PROJET]IHS", "[PROJET]IHS_test\[PROJET]IHS.csproj", "{A6C5937F-4729-4013-9F1C-8E3626E2F866}"
EndProject
Global
	GlobalSection(SolutionConfigurationPlatforms) = preSolution
		Debug|Any CPU = Debug|Any CPU
		Release|Any CPU = Release|Any CPU
	EndGlobalSection
	GlobalSection(ProjectConfigurationPlatforms) = postSolution
		{A6C5937F-4729-4013-9F1C-8E3626E2F866}.Debug|Any CPU.ActiveCfg = Debug|Any CPU
		{A6C5937F-4729-4013-9F1C-8E3626E2F866}.Debug|Any CPU.Build.0 = Debug|Any CPU
		{A6C5937F-4729-4013-9F1C-8E3626E2F866}.Release|Any CPU.ActiveCfg = Release|Any CPU
		{A6C5937F-4729-4013-9F1C-8E3626E2F866}.Release|Any CPU.Build.0 = Release|Any CPU
	EndGlobalSection
	GlobalSection(SolutionProperties) = preSolution
		HideSolutionNode = FALSE
	EndGlobalSection
	GlobalSection(ExtensibilityGlobals) = postSolution
		SolutionGuid = {3078A61D-107C-4ABD-81E8-ACBC2E6281E6}
	EndGlobalSection
EndGlobal
